// !$*UTF8*$!
{
	archiveVersion = 1;
	classes = {
	};
	objectVersion = 50;
	objects = {

/* Begin PBXBuildFile section */
		526687F72356F96500F53D63 /* Alert.swift in Sources */ = {isa = PBXBuildFile; fileRef = 526687F62356F96500F53D63 /* Alert.swift */; };
		527B2EA523254E5000B480A2 /* AppDelegate.swift in Sources */ = {isa = PBXBuildFile; fileRef = 527B2EA423254E5000B480A2 /* AppDelegate.swift */; };
		527B2EA723254E5000B480A2 /* ViewController.swift in Sources */ = {isa = PBXBuildFile; fileRef = 527B2EA623254E5000B480A2 /* ViewController.swift */; };
		527B2EAA23254E5000B480A2 /* Main.storyboard in Resources */ = {isa = PBXBuildFile; fileRef = 527B2EA823254E5000B480A2 /* Main.storyboard */; };
		527B2EAC23254E5200B480A2 /* Assets.xcassets in Resources */ = {isa = PBXBuildFile; fileRef = 527B2EAB23254E5200B480A2 /* Assets.xcassets */; };
		527B2EAF23254E5200B480A2 /* LaunchScreen.storyboard in Resources */ = {isa = PBXBuildFile; fileRef = 527B2EAD23254E5200B480A2 /* LaunchScreen.storyboard */; };
		527B2EB72325511700B480A2 /* RateTableViewCell.swift in Sources */ = {isa = PBXBuildFile; fileRef = 527B2EB62325511700B480A2 /* RateTableViewCell.swift */; };
		52DB3D8E235317370001241E /* ConvertTableViewController.swift in Sources */ = {isa = PBXBuildFile; fileRef = 52DB3D8D235317370001241E /* ConvertTableViewController.swift */; };
/* End PBXBuildFile section */

/* Begin PBXFileReference section */
		526687F62356F96500F53D63 /* Alert.swift */ = {isa = PBXFileReference; lastKnownFileType = sourcecode.swift; path = Alert.swift; sourceTree = "<group>"; };
		527B2EA123254E5000B480A2 /* MMK.app */ = {isa = PBXFileReference; explicitFileType = wrapper.application; includeInIndex = 0; path = MMK.app; sourceTree = BUILT_PRODUCTS_DIR; };
		527B2EA423254E5000B480A2 /* AppDelegate.swift */ = {isa = PBXFileReference; lastKnownFileType = sourcecode.swift; path = AppDelegate.swift; sourceTree = "<group>"; };
		527B2EA623254E5000B480A2 /* ViewController.swift */ = {isa = PBXFileReference; lastKnownFileType = sourcecode.swift; path = ViewController.swift; sourceTree = "<group>"; };
		527B2EA923254E5000B480A2 /* Base */ = {isa = PBXFileReference; lastKnownFileType = file.storyboard; name = Base; path = Base.lproj/Main.storyboard; sourceTree = "<group>"; };
		527B2EAB23254E5200B480A2 /* Assets.xcassets */ = {isa = PBXFileReference; lastKnownFileType = folder.assetcatalog; path = Assets.xcassets; sourceTree = "<group>"; };
		527B2EAE23254E5200B480A2 /* Base */ = {isa = PBXFileReference; lastKnownFileType = file.storyboard; name = Base; path = Base.lproj/LaunchScreen.storyboard; sourceTree = "<group>"; };
		527B2EB023254E5200B480A2 /* Info.plist */ = {isa = PBXFileReference; lastKnownFileType = text.plist.xml; path = Info.plist; sourceTree = "<group>"; };
		527B2EB62325511700B480A2 /* RateTableViewCell.swift */ = {isa = PBXFileReference; lastKnownFileType = sourcecode.swift; path = RateTableViewCell.swift; sourceTree = "<group>"; };
		52DB3D8D235317370001241E /* ConvertTableViewController.swift */ = {isa = PBXFileReference; lastKnownFileType = sourcecode.swift; path = ConvertTableViewController.swift; sourceTree = "<group>"; };
/* End PBXFileReference section */

/* Begin PBXFrameworksBuildPhase section */
		527B2E9E23254E5000B480A2 /* Frameworks */ = {
			isa = PBXFrameworksBuildPhase;
			buildActionMask = 2147483647;
			files = (
			);
			runOnlyForDeploymentPostprocessing = 0;
		};
/* End PBXFrameworksBuildPhase section */

/* Begin PBXGroup section */
		526687F52356F95100F53D63 /* Models */ = {
			isa = PBXGroup;
			children = (
				526687F62356F96500F53D63 /* Alert.swift */,
			);
			path = Models;
			sourceTree = "<group>";
		};
		526687F923570B8000F53D63 /* Controllers */ = {
			isa = PBXGroup;
			children = (
				527B2EA623254E5000B480A2 /* ViewController.swift */,
				52DB3D8D235317370001241E /* ConvertTableViewController.swift */,
			);
			path = Controllers;
			sourceTree = "<group>";
		};
		526687FA23570B9C00F53D63 /* Views */ = {
			isa = PBXGroup;
			children = (
				527B2EA823254E5000B480A2 /* Main.storyboard */,
				527B2EAD23254E5200B480A2 /* LaunchScreen.storyboard */,
				527B2EB62325511700B480A2 /* RateTableViewCell.swift */,
			);
			path = Views;
			sourceTree = "<group>";
		};
		527B2E9823254E5000B480A2 = {
			isa = PBXGroup;
			children = (
				527B2EA323254E5000B480A2 /* MMK */,
				527B2EA223254E5000B480A2 /* Products */,
			);
			sourceTree = "<group>";
		};
		527B2EA223254E5000B480A2 /* Products */ = {
			isa = PBXGroup;
			children = (
				527B2EA123254E5000B480A2 /* MMK.app */,
			);
			name = Products;
			sourceTree = "<group>";
		};
		527B2EA323254E5000B480A2 /* MMK */ = {
			isa = PBXGroup;
			children = (
				526687FA23570B9C00F53D63 /* Views */,
				526687F923570B8000F53D63 /* Controllers */,
				526687F52356F95100F53D63 /* Models */,
				527B2EA423254E5000B480A2 /* AppDelegate.swift */,
				527B2EAB23254E5200B480A2 /* Assets.xcassets */,
				527B2EB023254E5200B480A2 /* Info.plist */,
			);
			path = MMK;
			sourceTree = "<group>";
		};
/* End PBXGroup section */

/* Begin PBXNativeTarget section */
		527B2EA023254E5000B480A2 /* MMK */ = {
			isa = PBXNativeTarget;
			buildConfigurationList = 527B2EB323254E5200B480A2 /* Build configuration list for PBXNativeTarget "MMK" */;
			buildPhases = (
				527B2E9D23254E5000B480A2 /* Sources */,
				527B2E9E23254E5000B480A2 /* Frameworks */,
				527B2E9F23254E5000B480A2 /* Resources */,
			);
			buildRules = (
			);
			dependencies = (
			);
			name = MMK;
			productName = MMK;
			productReference = 527B2EA123254E5000B480A2 /* MMK.app */;
			productType = "com.apple.product-type.application";
		};
/* End PBXNativeTarget section */

/* Begin PBXProject section */
		527B2E9923254E5000B480A2 /* Project object */ = {
			isa = PBXProject;
			attributes = {
				LastSwiftUpdateCheck = 1030;
				LastUpgradeCheck = 1030;
				ORGANIZATIONNAME = "Thidar Phyo";
				TargetAttributes = {
					527B2EA023254E5000B480A2 = {
						CreatedOnToolsVersion = 10.3;
					};
				};
			};
			buildConfigurationList = 527B2E9C23254E5000B480A2 /* Build configuration list for PBXProject "MMK" */;
			compatibilityVersion = "Xcode 9.3";
			developmentRegion = en;
			hasScannedForEncodings = 0;
			knownRegions = (
				en,
				Base,
			);
			mainGroup = 527B2E9823254E5000B480A2;
			productRefGroup = 527B2EA223254E5000B480A2 /* Products */;
			projectDirPath = "";
			projectRoot = "";
			targets = (
				527B2EA023254E5000B480A2 /* MMK */,
			);
		};
/* End PBXProject section */

/* Begin PBXResourcesBuildPhase section */
		527B2E9F23254E5000B480A2 /* Resources */ = {
			isa = PBXResourcesBuildPhase;
			buildActionMask = 2147483647;
			files = (
				527B2EAF23254E5200B480A2 /* LaunchScreen.storyboard in Resources */,
				527B2EAC23254E5200B480A2 /* Assets.xcassets in Resources */,
				527B2EAA23254E5000B480A2 /* Main.storyboard in Resources */,
			);
			runOnlyForDeploymentPostprocessing = 0;
		};
/* End PBXResourcesBuildPhase section */

/* Begin PBXSourcesBuildPhase section */
		527B2E9D23254E5000B480A2 /* Sources */ = {
			isa = PBXSourcesBuildPhase;
			buildActionMask = 2147483647;
			files = (
				527B2EA723254E5000B480A2 /* ViewController.swift in Sources */,
				527B2EA523254E5000B480A2 /* AppDelegate.swift in Sources */,
				52DB3D8E235317370001241E /* ConvertTableViewController.swift in Sources */,
				526687F72356F96500F53D63 /* Alert.swift in Sources */,
				527B2EB72325511700B480A2 /* RateTableViewCell.swift in Sources */,
			);
			runOnlyForDeploymentPostprocessing = 0;
		};
/* End PBXSourcesBuildPhase section */

/* Begin PBXVariantGroup section */
		527B2EA823254E5000B480A2 /* Main.storyboard */ = {
			isa = PBXVariantGroup;
			children = (
				527B2EA923254E5000B480A2 /* Base */,
			);
			name = Main.storyboard;
			sourceTree = "<group>";
		};
		527B2EAD23254E5200B480A2 /* LaunchScreen.storyboard */ = {
			isa = PBXVariantGroup;
			children = (
				527B2EAE23254E5200B480A2 /* Base */,
			);
			name = LaunchScreen.storyboard;
			sourceTree = "<group>";
		};
/* End PBXVariantGroup section */

/* Begin XCBuildConfiguration section */
		527B2EB123254E5200B480A2 /* Debug */ = {
			isa = XCBuildConfiguration;
			buildSettings = {
				ALWAYS_SEARCH_USER_PATHS = NO;
				CLANG_ANALYZER_NONNULL = YES;
				CLANG_ANALYZER_NUMBER_OBJECT_CONVERSION = YES_AGGRESSIVE;
				CLANG_CXX_LANGUAGE_STANDARD = "gnu++14";
				CLANG_CXX_LIBRARY = "libc++";
				CLANG_ENABLE_MODULES = YES;
				CLANG_ENABLE_OBJC_ARC = YES;
				CLANG_ENABLE_OBJC_WEAK = YES;
				CLANG_WARN_BLOCK_CAPTURE_AUTORELEASING = YES;
				CLANG_WARN_BOOL_CONVERSION = YES;
				CLANG_WARN_COMMA = YES;
				CLANG_WARN_CONSTANT_CONVERSION = YES;
				CLANG_WARN_DEPRECATED_OBJC_IMPLEMENTATIONS = YES;
				CLANG_WARN_DIRECT_OBJC_ISA_USAGE = YES_ERROR;
				CLANG_WARN_DOCUMENTATION_COMMENTS = YES;
				CLANG_WARN_EMPTY_BODY = YES;
				CLANG_WARN_ENUM_CONVERSION = YES;
				CLANG_WARN_INFINITE_RECURSION = YES;
				CLANG_WARN_INT_CONVERSION = YES;
				CLANG_WARN_NON_LITERAL_NULL_CONVERSION = YES;
				CLANG_WARN_OBJC_IMPLICIT_RETAIN_SELF = YES;
				CLANG_WARN_OBJC_LITERAL_CONVERSION = YES;
				CLANG_WARN_OBJC_ROOT_CLASS = YES_ERROR;
				CLANG_WARN_RANGE_LOOP_ANALYSIS = YES;
				CLANG_WARN_STRICT_PROTOTYPES = YES;
				CLANG_WARN_SUSPICIOUS_MOVE = YES;
				CLANG_WARN_UNGUARDED_AVAILABILITY = YES_AGGRESSIVE;
				CLANG_WARN_UNREACHABLE_CODE = YES;
				CLANG_WARN__DUPLICATE_METHOD_MATCH = YES;
				CODE_SIGN_IDENTITY = "iPhone Developer";
				COPY_PHASE_STRIP = NO;
				DEBUG_INFORMATION_FORMAT = dwarf;
				ENABLE_STRICT_OBJC_MSGSEND = YES;
				ENABLE_TESTABILITY = YES;
				GCC_C_LANGUAGE_STANDARD = gnu11;
				GCC_DYNAMIC_NO_PIC = NO;
				GCC_NO_COMMON_BLOCKS = YES;
				GCC_OPTIMIZATION_LEVEL = 0;
				GCC_PREPROCESSOR_DEFINITIONS = (
					"DEBUG=1",
					"$(inherited)",
				);
				GCC_WARN_64_TO_32_BIT_CONVERSION = YES;
				GCC_WARN_ABOUT_RETURN_TYPE = YES_ERROR;
				GCC_WARN_UNDECLARED_SELECTOR = YES;
				GCC_WARN_UNINITIALIZED_AUTOS = YES_AGGRESSIVE;
				GCC_WARN_UNUSED_FUNCTION = YES;
				GCC_WARN_UNUSED_VARIABLE = YES;
				IPHONEOS_DEPLOYMENT_TARGET = 12.4;
				MTL_ENABLE_DEBUG_INFO = INCLUDE_SOURCE;
				MTL_FAST_MATH = YES;
				ONLY_ACTIVE_ARCH = YES;
				SDKROOT = iphoneos;
				SWIFT_ACTIVE_COMPILATION_CONDITIONS = DEBUG;
				SWIFT_OPTIMIZATION_LEVEL = "-Onone";
			};
			name = Debug;
		};
		527B2EB223254E5200B480A2 /* Release */ = {
			isa = XCBuildConfiguration;
			buildSettings = {
				ALWAYS_SEARCH_USER_PATHS = NO;
				CLANG_ANALYZER_NONNULL = YES;
				CLANG_ANALYZER_NUMBER_OBJECT_CONVERSION = YES_AGGRESSIVE;
				CLANG_CXX_LANGUAGE_STANDARD = "gnu++14";
				CLANG_CXX_LIBRARY = "libc++";
				CLANG_ENABLE_MODULES = YES;
				CLANG_ENABLE_OBJC_ARC = YES;
				CLANG_ENABLE_OBJC_WEAK = YES;
				CLANG_WARN_BLOCK_CAPTURE_AUTORELEASING = YES;
				CLANG_WARN_BOOL_CONVERSION = YES;
				CLANG_WARN_COMMA = YES;
				CLANG_WARN_CONSTANT_CONVERSION = YES;
				CLANG_WARN_DEPRECATED_OBJC_IMPLEMENTATIONS = YES;
				CLANG_WARN_DIRECT_OBJC_ISA_USAGE = YES_ERROR;
				CLANG_WARN_DOCUMENTATION_COMMENTS = YES;
				CLANG_WARN_EMPTY_BODY = YES;
				CLANG_WARN_ENUM_CONVERSION = YES;
				CLANG_WARN_INFINITE_RECURSION = YES;
				CLANG_WARN_INT_CONVERSION = YES;
				CLANG_WARN_NON_LITERAL_NULL_CONVERSION = YES;
				CLANG_WARN_OBJC_IMPLICIT_RETAIN_SELF = YES;
				CLANG_WARN_OBJC_LITERAL_CONVERSION = YES;
				CLANG_WARN_OBJC_ROOT_CLASS = YES_ERROR;
				CLANG_WARN_RANGE_LOOP_ANALYSIS = YES;
				CLANG_WARN_STRICT_PROTOTYPES = YES;
				CLANG_WARN_SUSPICIOUS_MOVE = YES;
				CLANG_WARN_UNGUARDED_AVAILABILITY = YES_AGGRESSIVE;
				CLANG_WARN_UNREACHABLE_CODE = YES;
				CLANG_WARN__DUPLICATE_METHOD_MATCH = YES;
				CODE_SIGN_IDENTITY = "iPhone Developer";
				COPY_PHASE_STRIP = NO;
				DEBUG_INFORMATION_FORMAT = "dwarf-with-dsym";
				ENABLE_NS_ASSERTIONS = NO;
				ENABLE_STRICT_OBJC_MSGSEND = YES;
				GCC_C_LANGUAGE_STANDARD = gnu11;
				GCC_NO_COMMON_BLOCKS = YES;
				GCC_WARN_64_TO_32_BIT_CONVERSION = YES;
				GCC_WARN_ABOUT_RETURN_TYPE = YES_ERROR;
				GCC_WARN_UNDECLARED_SELECTOR = YES;
				GCC_WARN_UNINITIALIZED_AUTOS = YES_AGGRESSIVE;
				GCC_WARN_UNUSED_FUNCTION = YES;
				GCC_WARN_UNUSED_VARIABLE = YES;
				IPHONEOS_DEPLOYMENT_TARGET = 12.4;
				MTL_ENABLE_DEBUG_INFO = NO;
				MTL_FAST_MATH = YES;
				SDKROOT = iphoneos;
				SWIFT_COMPILATION_MODE = wholemodule;
				SWIFT_OPTIMIZATION_LEVEL = "-O";
				VALIDATE_PRODUCT = YES;
			};
			name = Release;
		};
		527B2EB423254E5200B480A2 /* Debug */ = {
			isa = XCBuildConfiguration;
			buildSettings = {
				ASSETCATALOG_COMPILER_APPICON_NAME = AppIcon;
				CODE_SIGN_STYLE = Automatic;
				DEVELOPMENT_TEAM = AZ58662R7A;
				INFOPLIST_FILE = MMK/Info.plist;
				LD_RUNPATH_SEARCH_PATHS = (
					"$(inherited)",
					"@executable_path/Frameworks",
				);
				PRODUCT_BUNDLE_IDENTIFIER = thidarphyo.com.MMK;
				PRODUCT_NAME = "$(TARGET_NAME)";
				SWIFT_VERSION = 5.0;
				TARGETED_DEVICE_FAMILY = "1,2";
			};
			name = Debug;
		};
		527B2EB523254E5200B480A2 /* Release */ = {
			isa = XCBuildConfiguration;
			buildSettings = {
				ASSETCATALOG_COMPILER_APPICON_NAME = AppIcon;
				CODE_SIGN_STYLE = Automatic;
				DEVELOPMENT_TEAM = AZ58662R7A;
				INFOPLIST_FILE = MMK/Info.plist;
				LD_RUNPATH_SEARCH_PATHS = (
					"$(inherited)",
					"@executable_path/Frameworks",
				);
				PRODUCT_BUNDLE_IDENTIFIER = thidarphyo.com.MMK;
				PRODUCT_NAME = "$(TARGET_NAME)";
				SWIFT_VERSION = 5.0;
				TARGETED_DEVICE_FAMILY = "1,2";
			};
			name = Release;
		};
/* End XCBuildConfiguration section */

/* Begin XCConfigurationList section */
		527B2E9C23254E5000B480A2 /* Build configuration list for PBXProject "MMK" */ = {
			isa = XCConfigurationList;
			buildConfigurations = (
				527B2EB123254E5200B480A2 /* Debug */,
				527B2EB223254E5200B480A2 /* Release */,
			);
			defaultConfigurationIsVisible = 0;
			defaultConfigurationName = Release;
		};
		527B2EB323254E5200B480A2 /* Build configuration list for PBXNativeTarget "MMK" */ = {
			isa = XCConfigurationList;
			buildConfigurations = (
				527B2EB423254E5200B480A2 /* Debug */,
				527B2EB523254E5200B480A2 /* Release */,
			);
			defaultConfigurationIsVisible = 0;
			defaultConfigurationName = Release;
		};
/* End XCConfigurationList section */
	};
	rootObject = 527B2E9923254E5000B480A2 /* Project object */;
}
